// !$*UTF8*$!
{
	archiveVersion = 1;
	classes = {
	};
	objectVersion = 50;
	objects = {

/* Begin PBXBuildFile section */
		0D74C5D22186237E00E268C2 /* main.c in Sources */ = {isa = PBXBuildFile; fileRef = 0D74C5D12186237E00E268C2 /* main.c */; };
/* End PBXBuildFile section */

/* Begin PBXCopyFilesBuildPhase section */
		0D74C5CC2186237E00E268C2 /* CopyFiles */ = {
			isa = PBXCopyFilesBuildPhase;
			buildActionMask = 2147483647;
			dstPath = /usr/share/man/man1/;
			dstSubfolderSpec = 0;
			files = (
			);
			runOnlyForDeploymentPostprocessing = 1;
		};
/* End PBXCopyFilesBuildPhase section */

/* Begin PBXFileReference section */
		0D08A2262199325900E7F8B0 /* pop.txt */ = {isa = PBXFileReference; lastKnownFileType = text; path = pop.txt; sourceTree = "<group>"; };
		0D74C5CE2186237E00E268C2 /* bills */ = {isa = PBXFileReference; explicitFileType = "compiled.mach-o.executable"; includeInIndex = 0; path = bills; sourceTree = BUILT_PRODUCTS_DIR; };
		0D74C5D12186237E00E268C2 /* main.c */ = {isa = PBXFileReference; lastKnownFileType = sourcecode.c.c; path = main.c; sourceTree = "<group>"; };
		0D74C5D8218623A600E268C2 /* price.txt */ = {isa = PBXFileReference; lastKnownFileType = text; path = price.txt; sourceTree = "<group>"; };
		0D74C5DA21862CBE00E268C2 /* tid.txt */ = {isa = PBXFileReference; lastKnownFileType = text; path = tid.txt; sourceTree = "<group>"; };
		0D74C5DB21862D6300E268C2 /* item.txt */ = {isa = PBXFileReference; lastKnownFileType = text; path = item.txt; sourceTree = "<group>"; };
		0D74C5DC218634A100E268C2 /* barname.txt */ = {isa = PBXFileReference; lastKnownFileType = text; path = barname.txt; sourceTree = "<group>"; };
		0D74C5DE21863A4E00E268C2 /* size.txt */ = {isa = PBXFileReference; lastKnownFileType = text; path = size.txt; sourceTree = "<group>"; };
		0D74C5DF218644D300E268C2 /* firstbar.txt */ = {isa = PBXFileReference; lastKnownFileType = text; path = firstbar.txt; sourceTree = "<group>"; };
		0D74C5E0218644E400E268C2 /* firstitem.txt */ = {isa = PBXFileReference; lastKnownFileType = text; path = firstitem.txt; sourceTree = "<group>"; };
		0D74C5E1218644F000E268C2 /* firstprice.txt */ = {isa = PBXFileReference; lastKnownFileType = text; path = firstprice.txt; sourceTree = "<group>"; };
		0D92F6942196048A005CE8B8 /* yeet.txt */ = {isa = PBXFileReference; lastKnownFileType = text; path = yeet.txt; sourceTree = "<group>"; };
/* End PBXFileReference section */

/* Begin PBXFrameworksBuildPhase section */
		0D74C5CB2186237E00E268C2 /* Frameworks */ = {
			isa = PBXFrameworksBuildPhase;
			buildActionMask = 2147483647;
			files = (
			);
			runOnlyForDeploymentPostprocessing = 0;
		};
/* End PBXFrameworksBuildPhase section */

/* Begin PBXGroup section */
		0D74C5C52186237E00E268C2 = {
			isa = PBXGroup;
			children = (
				0D74C5D02186237E00E268C2 /* bills */,
				0D74C5CF2186237E00E268C2 /* Products */,
			);
			sourceTree = "<group>";
		};
		0D74C5CF2186237E00E268C2 /* Products */ = {
			isa = PBXGroup;
			children = (
				0D74C5CE2186237E00E268C2 /* bills */,
			);
			name = Products;
			sourceTree = "<group>";
		};
		0D74C5D02186237E00E268C2 /* bills */ = {
			isa = PBXGroup;
			children = (
				0D74C5D12186237E00E268C2 /* main.c */,
				0D92F6942196048A005CE8B8 /* yeet.txt */,
				0D08A2262199325900E7F8B0 /* pop.txt */,
				0D74C5DF218644D300E268C2 /* firstbar.txt */,
				0D74C5E0218644E400E268C2 /* firstitem.txt */,
				0D74C5E1218644F000E268C2 /* firstprice.txt */,
				0D74C5DA21862CBE00E268C2 /* tid.txt */,
				0D74C5DE21863A4E00E268C2 /* size.txt */,
				0D74C5DC218634A100E268C2 /* barname.txt */,
				0D74C5DB21862D6300E268C2 /* item.txt */,
				0D74C5D8218623A600E268C2 /* price.txt */,
			);
			path = bills;
			sourceTree = "<group>";
		};
/* End PBXGroup section */

/* Begin PBXNativeTarget section */
		0D74C5CD2186237E00E268C2 /* bills */ = {
			isa = PBXNativeTarget;
			buildConfigurationList = 0D74C5D52186237E00E268C2 /* Build configuration list for PBXNativeTarget "bills" */;
			buildPhases = (
				0D74C5CA2186237E00E268C2 /* Sources */,
				0D74C5CB2186237E00E268C2 /* Frameworks */,
				0D74C5CC2186237E00E268C2 /* CopyFiles */,
			);
			buildRules = (
			);
			dependencies = (
			);
			name = bills;
			productName = bills;
			productReference = 0D74C5CE2186237E00E268C2 /* bills */;
			productType = "com.apple.product-type.tool";
		};
/* End PBXNativeTarget section */

/* Begin PBXProject section */
		0D74C5C62186237E00E268C2 /* Project object */ = {
			isa = PBXProject;
			attributes = {
				LastUpgradeCheck = 1000;
				ORGANIZATIONNAME = "Juan Cruz";
				TargetAttributes = {
					0D74C5CD2186237E00E268C2 = {
						CreatedOnToolsVersion = 10.0;
					};
				};
			};
			buildConfigurationList = 0D74C5C92186237E00E268C2 /* Build configuration list for PBXProject "bills" */;
			compatibilityVersion = "Xcode 9.3";
			developmentRegion = en;
			hasScannedForEncodings = 0;
			knownRegions = (
				en,
			);
			mainGroup = 0D74C5C52186237E00E268C2;
			productRefGroup = 0D74C5CF2186237E00E268C2 /* Products */;
			projectDirPath = "";
			projectRoot = "";
			targets = (
				0D74C5CD2186237E00E268C2 /* bills */,
			);
		};
/* End PBXProject section */

/* Begin PBXSourcesBuildPhase section */
		0D74C5CA2186237E00E268C2 /* Sources */ = {
			isa = PBXSourcesBuildPhase;
			buildActionMask = 2147483647;
			files = (
				0D74C5D22186237E00E268C2 /* main.c in Sources */,
			);
			runOnlyForDeploymentPostprocessing = 0;
		};
/* End PBXSourcesBuildPhase section */

/* Begin XCBuildConfiguration section */
		0D74C5D32186237E00E268C2 /* Debug */ = {
			isa = XCBuildConfiguration;
			buildSettings = {
				ALWAYS_SEARCH_USER_PATHS = NO;
				CLANG_ANALYZER_NONNULL = YES;
				CLANG_ANALYZER_NUMBER_OBJECT_CONVERSION = YES_AGGRESSIVE;
				CLANG_CXX_LANGUAGE_STANDARD = "gnu++14";
				CLANG_CXX_LIBRARY = "libc++";
				CLANG_ENABLE_MODULES = YES;
				CLANG_ENABLE_OBJC_ARC = YES;
				CLANG_ENABLE_OBJC_WEAK = YES;
				CLANG_WARN_BLOCK_CAPTURE_AUTORELEASING = YES;
				CLANG_WARN_BOOL_CONVERSION = YES;
				CLANG_WARN_COMMA = YES;
				CLANG_WARN_CONSTANT_CONVERSION = YES;
				CLANG_WARN_DEPRECATED_OBJC_IMPLEMENTATIONS = YES;
				CLANG_WARN_DIRECT_OBJC_ISA_USAGE = YES_ERROR;
				CLANG_WARN_DOCUMENTATION_COMMENTS = YES;
				CLANG_WARN_EMPTY_BODY = YES;
				CLANG_WARN_ENUM_CONVERSION = YES;
				CLANG_WARN_INFINITE_RECURSION = YES;
				CLANG_WARN_INT_CONVERSION = YES;
				CLANG_WARN_NON_LITERAL_NULL_CONVERSION = YES;
				CLANG_WARN_OBJC_IMPLICIT_RETAIN_SELF = YES;
				CLANG_WARN_OBJC_LITERAL_CONVERSION = YES;
				CLANG_WARN_OBJC_ROOT_CLASS = YES_ERROR;
				CLANG_WARN_RANGE_LOOP_ANALYSIS = YES;
				CLANG_WARN_STRICT_PROTOTYPES = YES;
				CLANG_WARN_SUSPICIOUS_MOVE = YES;
				CLANG_WARN_UNGUARDED_AVAILABILITY = YES_AGGRESSIVE;
				CLANG_WARN_UNREACHABLE_CODE = YES;
				CLANG_WARN__DUPLICATE_METHOD_MATCH = YES;
				CODE_SIGN_IDENTITY = "-";
				COPY_PHASE_STRIP = NO;
				DEBUG_INFORMATION_FORMAT = dwarf;
				ENABLE_STRICT_OBJC_MSGSEND = YES;
				ENABLE_TESTABILITY = YES;
				GCC_C_LANGUAGE_STANDARD = gnu11;
				GCC_DYNAMIC_NO_PIC = NO;
				GCC_NO_COMMON_BLOCKS = YES;
				GCC_OPTIMIZATION_LEVEL = 0;
				GCC_PREPROCESSOR_DEFINITIONS = (
					"DEBUG=1",
					"$(inherited)",
				);
				GCC_WARN_64_TO_32_BIT_CONVERSION = YES;
				GCC_WARN_ABOUT_RETURN_TYPE = YES_ERROR;
				GCC_WARN_UNDECLARED_SELECTOR = YES;
				GCC_WARN_UNINITIALIZED_AUTOS = YES_AGGRESSIVE;
				GCC_WARN_UNUSED_FUNCTION = YES;
				GCC_WARN_UNUSED_VARIABLE = YES;
				MACOSX_DEPLOYMENT_TARGET = 10.14;
				MTL_ENABLE_DEBUG_INFO = INCLUDE_SOURCE;
				MTL_FAST_MATH = YES;
				ONLY_ACTIVE_ARCH = YES;
				SDKROOT = macosx;
			};
			name = Debug;
		};
		0D74C5D42186237E00E268C2 /* Release */ = {
			isa = XCBuildConfiguration;
			buildSettings = {
				ALWAYS_SEARCH_USER_PATHS = NO;
				CLANG_ANALYZER_NONNULL = YES;
				CLANG_ANALYZER_NUMBER_OBJECT_CONVERSION = YES_AGGRESSIVE;
				CLANG_CXX_LANGUAGE_STANDARD = "gnu++14";
				CLANG_CXX_LIBRARY = "libc++";
				CLANG_ENABLE_MODULES = YES;
				CLANG_ENABLE_OBJC_ARC = YES;
				CLANG_ENABLE_OBJC_WEAK = YES;
				CLANG_WARN_BLOCK_CAPTURE_AUTORELEASING = YES;
				CLANG_WARN_BOOL_CONVERSION = YES;
				CLANG_WARN_COMMA = YES;
				CLANG_WARN_CONSTANT_CONVERSION = YES;
				CLANG_WARN_DEPRECATED_OBJC_IMPLEMENTATIONS = YES;
				CLANG_WARN_DIRECT_OBJC_ISA_USAGE = YES_ERROR;
				CLANG_WARN_DOCUMENTATION_COMMENTS = YES;
				CLANG_WARN_EMPTY_BODY = YES;
				CLANG_WARN_ENUM_CONVERSION = YES;
				CLANG_WARN_INFINITE_RECURSION = YES;
				CLANG_WARN_INT_CONVERSION = YES;
				CLANG_WARN_NON_LITERAL_NULL_CONVERSION = YES;
				CLANG_WARN_OBJC_IMPLICIT_RETAIN_SELF = YES;
				CLANG_WARN_OBJC_LITERAL_CONVERSION = YES;
				CLANG_WARN_OBJC_ROOT_CLASS = YES_ERROR;
				CLANG_WARN_RANGE_LOOP_ANALYSIS = YES;
				CLANG_WARN_STRICT_PROTOTYPES = YES;
				CLANG_WARN_SUSPICIOUS_MOVE = YES;
				CLANG_WARN_UNGUARDED_AVAILABILITY = YES_AGGRESSIVE;
				CLANG_WARN_UNREACHABLE_CODE = YES;
				CLANG_WARN__DUPLICATE_METHOD_MATCH = YES;
				CODE_SIGN_IDENTITY = "-";
				COPY_PHASE_STRIP = NO;
				DEBUG_INFORMATION_FORMAT = "dwarf-with-dsym";
				ENABLE_NS_ASSERTIONS = NO;
				ENABLE_STRICT_OBJC_MSGSEND = YES;
				GCC_C_LANGUAGE_STANDARD = gnu11;
				GCC_NO_COMMON_BLOCKS = YES;
				GCC_WARN_64_TO_32_BIT_CONVERSION = YES;
				GCC_WARN_ABOUT_RETURN_TYPE = YES_ERROR;
				GCC_WARN_UNDECLARED_SELECTOR = YES;
				GCC_WARN_UNINITIALIZED_AUTOS = YES_AGGRESSIVE;
				GCC_WARN_UNUSED_FUNCTION = YES;
				GCC_WARN_UNUSED_VARIABLE = YES;
				MACOSX_DEPLOYMENT_TARGET = 10.14;
				MTL_ENABLE_DEBUG_INFO = NO;
				MTL_FAST_MATH = YES;
				SDKROOT = macosx;
			};
			name = Release;
		};
		0D74C5D62186237E00E268C2 /* Debug */ = {
			isa = XCBuildConfiguration;
			buildSettings = {
				CODE_SIGN_STYLE = Automatic;
				PRODUCT_NAME = "$(TARGET_NAME)";
			};
			name = Debug;
		};
		0D74C5D72186237E00E268C2 /* Release */ = {
			isa = XCBuildConfiguration;
			buildSettings = {
				CODE_SIGN_STYLE = Automatic;
				PRODUCT_NAME = "$(TARGET_NAME)";
			};
			name = Release;
		};
/* End XCBuildConfiguration section */

/* Begin XCConfigurationList section */
		0D74C5C92186237E00E268C2 /* Build configuration list for PBXProject "bills" */ = {
			isa = XCConfigurationList;
			buildConfigurations = (
				0D74C5D32186237E00E268C2 /* Debug */,
				0D74C5D42186237E00E268C2 /* Release */,
			);
			defaultConfigurationIsVisible = 0;
			defaultConfigurationName = Release;
		};
		0D74C5D52186237E00E268C2 /* Build configuration list for PBXNativeTarget "bills" */ = {
			isa = XCConfigurationList;
			buildConfigurations = (
				0D74C5D62186237E00E268C2 /* Debug */,
				0D74C5D72186237E00E268C2 /* Release */,
			);
			defaultConfigurationIsVisible = 0;
			defaultConfigurationName = Release;
		};
/* End XCConfigurationList section */
	};
	rootObject = 0D74C5C62186237E00E268C2 /* Project object */;
}
